dependencies:
  idf:
    source:
      type: idf
    version: 5.5.0
  sd_card:
    dependencies: []
    source:
      path: D:\ESP32C3\Espressif\frameworks\esp-idf-v5.5\examples\storage\sd_card\sdmmc\components\sd_card
      type: local
    version: '*'
direct_dependencies:
- sd_card
manifest_hash: 8721a842b4c1b397ac3ca6f80af3d9582dba62856e4edb8ac6215e895811c4a8
target: esp32c3
version: 2.0.0
